Microsoft Visual Studio Solution File, Format Version 12.00
# Visual Studio 15
VisualStudioVersion = 15.0.26730.10
MinimumVisualStudioVersion = 10.0.40219.1
Project("{9A19103F-16F7-4668-BE54-9A1E7A4F7556}") = "InstaSharper", "InstaSharper\InstaSharper.csproj", "{449A948D-CC65-4D1A-8159-6FA232F972D9}"
EndProject
Project("{9A19103F-16F7-4668-BE54-9A1E7A4F7556}") = "InstaSharper.Tests", "InstaSharper.Tests\InstaSharper.Tests.csproj", "{DBE6FBB7-CDE7-4CDF-AB08-989A43CC4D46}"
EndProject
Project("{FAE04EC0-301F-11D3-BF4B-00C04F79EFBC}") = "InstaSharper.Examples", "InstaSharper.Examples\InstaSharper.Examples.csproj", "{BA03B3A4-7ED6-4B7E-848C-05A448526550}"
EndProject
Global
	GlobalSection(SolutionConfigurationPlatforms) = preSolution
		Debug|Any CPU = Debug|Any CPU
		Release|Any CPU = Release|Any CPU
	EndGlobalSection
	GlobalSection(ProjectConfigurationPlatforms) = postSolution
		{449A948D-CC65-4D1A-8159-6FA232F972D9}.Debug|Any CPU.ActiveCfg = Debug|Any CPU
		{449A948D-CC65-4D1A-8159-6FA232F972D9}.Debug|Any CPU.Build.0 = Debug|Any CPU
		{449A948D-CC65-4D1A-8159-6FA232F972D9}.Release|Any CPU.ActiveCfg = Release|Any CPU
		{449A948D-CC65-4D1A-8159-6FA232F972D9}.Release|Any CPU.Build.0 = Release|Any CPU
		{DBE6FBB7-CDE7-4CDF-AB08-989A43CC4D46}.Debug|Any CPU.ActiveCfg = Debug|Any CPU
		{DBE6FBB7-CDE7-4CDF-AB08-989A43CC4D46}.Debug|Any CPU.Build.0 = Debug|Any CPU
		{DBE6FBB7-CDE7-4CDF-AB08-989A43CC4D46}.Release|Any CPU.ActiveCfg = Release|Any CPU
		{DBE6FBB7-CDE7-4CDF-AB08-989A43CC4D46}.Release|Any CPU.Build.0 = Release|Any CPU
		{BA03B3A4-7ED6-4B7E-848C-05A448526550}.Debug|Any CPU.ActiveCfg = Debug|Any CPU
		{BA03B3A4-7ED6-4B7E-848C-05A448526550}.Debug|Any CPU.Build.0 = Debug|Any CPU
		{BA03B3A4-7ED6-4B7E-848C-05A448526550}.Release|Any CPU.ActiveCfg = Release|Any CPU
		{BA03B3A4-7ED6-4B7E-848C-05A448526550}.Release|Any CPU.Build.0 = Release|Any CPU
	EndGlobalSection
	GlobalSection(SolutionProperties) = preSolution
		HideSolutionNode = FALSE
	EndGlobalSection
	GlobalSection(ExtensibilityGlobals) = postSolution
		SolutionGuid = {EEB7BFCF-6A83-4C58-B5CE-FE3FF3A9838F}
	EndGlobalSection
EndGlobal
