
Microsoft Visual Studio Solution File, Format Version 12.00
# Visual Studio 15
VisualStudioVersion = 15.0.27130.2024
MinimumVisualStudioVersion = 10.0.40219.1
Project("{FAE04EC0-301F-11D3-BF4B-00C04F79EFBC}") = "InstaSharper.Examples", "InstaSharper.Examples.csproj", "{620D3DB5-5636-4A54-A7D7-600C6518C20E}"
EndProject
Project("{9A19103F-16F7-4668-BE54-9A1E7A4F7556}") = "InstaSharper", "..\InstaSharper\InstaSharper.csproj", "{DADA2751-E331-4231-9434-7141B6B2FE79}"
EndProject
Global
	GlobalSection(SolutionConfigurationPlatforms) = preSolution
		Debug|Any CPU = Debug|Any CPU
		Release|Any CPU = Release|Any CPU
	EndGlobalSection
	GlobalSection(ProjectConfigurationPlatforms) = postSolution
		{620D3DB5-5636-4A54-A7D7-600C6518C20E}.Debug|Any CPU.ActiveCfg = Debug|Any CPU
		{620D3DB5-5636-4A54-A7D7-600C6518C20E}.Debug|Any CPU.Build.0 = Debug|Any CPU
		{620D3DB5-5636-4A54-A7D7-600C6518C20E}.Release|Any CPU.ActiveCfg = Release|Any CPU
		{620D3DB5-5636-4A54-A7D7-600C6518C20E}.Release|Any CPU.Build.0 = Release|Any CPU
		{DADA2751-E331-4231-9434-7141B6B2FE79}.Debug|Any CPU.ActiveCfg = Debug|Any CPU
		{DADA2751-E331-4231-9434-7141B6B2FE79}.Debug|Any CPU.Build.0 = Debug|Any CPU
		{DADA2751-E331-4231-9434-7141B6B2FE79}.Release|Any CPU.ActiveCfg = Release|Any CPU
		{DADA2751-E331-4231-9434-7141B6B2FE79}.Release|Any CPU.Build.0 = Release|Any CPU
	EndGlobalSection
	GlobalSection(SolutionProperties) = preSolution
		HideSolutionNode = FALSE
	EndGlobalSection
	GlobalSection(ExtensibilityGlobals) = postSolution
		SolutionGuid = {70B2DB74-9F1A-453F-95B0-9942F90FAAE0}
	EndGlobalSection
EndGlobal
