
Microsoft Visual Studio Solution File, Format Version 12.00
# Visual Studio 14
VisualStudioVersion = 14.0.25420.1
MinimumVisualStudioVersion = 10.0.40219.1
Project("{FAE04EC0-301F-11D3-BF4B-00C04F79EFBC}") = "InstaSharper.Examples", "InstaSharper.Examples.csproj", "{620D3DB5-5636-4A54-A7D7-600C6518C20E}"
EndProject
Global
	GlobalSection(SolutionConfigurationPlatforms) = preSolution
		Debug|Any CPU = Debug|Any CPU
		Release|Any CPU = Release|Any CPU
	EndGlobalSection
	GlobalSection(ProjectConfigurationPlatforms) = postSolution
		{620D3DB5-5636-4A54-A7D7-600C6518C20E}.Debug|Any CPU.ActiveCfg = Debug|Any CPU
		{620D3DB5-5636-4A54-A7D7-600C6518C20E}.Debug|Any CPU.Build.0 = Debug|Any CPU
		{620D3DB5-5636-4A54-A7D7-600C6518C20E}.Release|Any CPU.ActiveCfg = Release|Any CPU
		{620D3DB5-5636-4A54-A7D7-600C6518C20E}.Release|Any CPU.Build.0 = Release|Any CPU
	EndGlobalSection
	GlobalSection(SolutionProperties) = preSolution
		HideSolutionNode = FALSE
	EndGlobalSection
EndGlobal
